Microsoft Visual Studio Solution File, Format Version 12.00
# Visual Studio Version 17
VisualStudioVersion = 17.5.2.0
MinimumVisualStudioVersion = 10.0.40219.1
Project("{FAE04EC0-301F-11D3-BF4B-00C04F79EFBC}") = "QuanLyBanHang", "QuanLyBanHang.csproj", "{5FE3DC98-7889-C901-2596-1E28924460C3}"
EndProject
Global
	GlobalSection(SolutionConfigurationPlatforms) = preSolution
		Debug|Any CPU = Debug|Any CPU
		Release|Any CPU = Release|Any CPU
	EndGlobalSection
	GlobalSection(ProjectConfigurationPlatforms) = postSolution
		{5FE3DC98-7889-C901-2596-1E28924460C3}.Debug|Any CPU.ActiveCfg = Debug|Any CPU
		{5FE3DC98-7889-C901-2596-1E28924460C3}.Debug|Any CPU.Build.0 = Debug|Any CPU
		{5FE3DC98-7889-C901-2596-1E28924460C3}.Release|Any CPU.ActiveCfg = Release|Any CPU
		{5FE3DC98-7889-C901-2596-1E28924460C3}.Release|Any CPU.Build.0 = Release|Any CPU
	EndGlobalSection
	GlobalSection(SolutionProperties) = preSolution
		HideSolutionNode = FALSE
	EndGlobalSection
	GlobalSection(ExtensibilityGlobals) = postSolution
		SolutionGuid = {5AAAF05F-45D1-41F0-87D0-EBA9CDDDE916}
	EndGlobalSection
EndGlobal
